
Microsoft Visual Studio Solution File, Format Version 12.00
# Visual Studio Version 17
VisualStudioVersion = 17.0.32126.317
MinimumVisualStudioVersion = 10.0.40219.1
Project("{FAE04EC0-301F-11D3-BF4B-00C04F79EFBC}") = "AddressBookLinQ", "AddressBookLinQ\AddressBookLinQ.csproj", "{9DFAD0F9-802B-4631-8D99-7B382576F5CD}"
EndProject
Global
	GlobalSection(SolutionConfigurationPlatforms) = preSolution
		Debug|Any CPU = Debug|Any CPU
		Release|Any CPU = Release|Any CPU
	EndGlobalSection
	GlobalSection(ProjectConfigurationPlatforms) = postSolution
		{9DFAD0F9-802B-4631-8D99-7B382576F5CD}.Debug|Any CPU.ActiveCfg = Debug|Any CPU
		{9DFAD0F9-802B-4631-8D99-7B382576F5CD}.Debug|Any CPU.Build.0 = Debug|Any CPU
		{9DFAD0F9-802B-4631-8D99-7B382576F5CD}.Release|Any CPU.ActiveCfg = Release|Any CPU
		{9DFAD0F9-802B-4631-8D99-7B382576F5CD}.Release|Any CPU.Build.0 = Release|Any CPU
	EndGlobalSection
	GlobalSection(SolutionProperties) = preSolution
		HideSolutionNode = FALSE
	EndGlobalSection
	GlobalSection(ExtensibilityGlobals) = postSolution
		SolutionGuid = {F9CCF798-53A9-4BA6-B579-B4621BA54750}
	EndGlobalSection
EndGlobal
